
Microsoft Visual Studio Solution File, Format Version 12.00
# Visual Studio Version 17
VisualStudioVersion = 17.1.32210.238
MinimumVisualStudioVersion = 10.0.40219.1
Project("{FAE04EC0-301F-11D3-BF4B-00C04F79EFBC}") = "Escape Room", "Escape Room\Escape Room.csproj", "{528C1D5D-8F76-442C-AB1A-60BB48D32770}"
EndProject
Global
	GlobalSection(SolutionConfigurationPlatforms) = preSolution
		Debug|Any CPU = Debug|Any CPU
		Release|Any CPU = Release|Any CPU
	EndGlobalSection
	GlobalSection(ProjectConfigurationPlatforms) = postSolution
		{528C1D5D-8F76-442C-AB1A-60BB48D32770}.Debug|Any CPU.ActiveCfg = Debug|Any CPU
		{528C1D5D-8F76-442C-AB1A-60BB48D32770}.Debug|Any CPU.Build.0 = Debug|Any CPU
		{528C1D5D-8F76-442C-AB1A-60BB48D32770}.Release|Any CPU.ActiveCfg = Release|Any CPU
		{528C1D5D-8F76-442C-AB1A-60BB48D32770}.Release|Any CPU.Build.0 = Release|Any CPU
	EndGlobalSection
	GlobalSection(SolutionProperties) = preSolution
		HideSolutionNode = FALSE
	EndGlobalSection
	GlobalSection(ExtensibilityGlobals) = postSolution
		SolutionGuid = {2F03CB8E-60D7-44D4-B765-24E133F51DE1}
	EndGlobalSection
EndGlobal
